
Microsoft Visual Studio Solution File, Format Version 12.00
# Visual Studio 15
VisualStudioVersion = 15.0.27004.2009
MinimumVisualStudioVersion = 10.0.40219.1
Project("{9A19103F-16F7-4668-BE54-9A1E7A4F7556}") = "OscaApp", "OscaApp\OscaApp.csproj", "{DF9E15E9-30F3-4E87-B206-A78D3CD1EFAC}"
EndProject
Project("{9A19103F-16F7-4668-BE54-9A1E7A4F7556}") = "OscaAdmin", "OscaAdmin\OscaAdmin.csproj", "{F634AF56-C2CB-4BC8-A496-9C6E9AD6538C}"
EndProject
Project("{9A19103F-16F7-4668-BE54-9A1E7A4F7556}") = "OscaPortal", "OscaPortal\OscaPortal.csproj", "{C684E1CC-F004-402D-B164-A36EE71820EC}"
EndProject
Project("{9A19103F-16F7-4668-BE54-9A1E7A4F7556}") = "OscaFramework", "OscaFramework\OscaFramework.csproj", "{C778001F-7D81-4FB0-9FFF-418D44147764}"
EndProject
Project("{FAE04EC0-301F-11D3-BF4B-00C04F79EFBC}") = "OscaAPI", "OscaAPI\OscaAPI.csproj", "{28A818DD-BDDB-43BD-83A8-40EFAFF54A5F}"
EndProject
Global
	GlobalSection(SolutionConfigurationPlatforms) = preSolution
		Debug|Any CPU = Debug|Any CPU
		Release|Any CPU = Release|Any CPU
	EndGlobalSection
	GlobalSection(ProjectConfigurationPlatforms) = postSolution
		{DF9E15E9-30F3-4E87-B206-A78D3CD1EFAC}.Debug|Any CPU.ActiveCfg = Debug|Any CPU
		{DF9E15E9-30F3-4E87-B206-A78D3CD1EFAC}.Debug|Any CPU.Build.0 = Debug|Any CPU
		{DF9E15E9-30F3-4E87-B206-A78D3CD1EFAC}.Release|Any CPU.ActiveCfg = Release|Any CPU
		{DF9E15E9-30F3-4E87-B206-A78D3CD1EFAC}.Release|Any CPU.Build.0 = Release|Any CPU
		{F634AF56-C2CB-4BC8-A496-9C6E9AD6538C}.Debug|Any CPU.ActiveCfg = Debug|Any CPU
		{F634AF56-C2CB-4BC8-A496-9C6E9AD6538C}.Debug|Any CPU.Build.0 = Debug|Any CPU
		{F634AF56-C2CB-4BC8-A496-9C6E9AD6538C}.Release|Any CPU.ActiveCfg = Release|Any CPU
		{F634AF56-C2CB-4BC8-A496-9C6E9AD6538C}.Release|Any CPU.Build.0 = Release|Any CPU
		{C684E1CC-F004-402D-B164-A36EE71820EC}.Debug|Any CPU.ActiveCfg = Debug|Any CPU
		{C684E1CC-F004-402D-B164-A36EE71820EC}.Debug|Any CPU.Build.0 = Debug|Any CPU
		{C684E1CC-F004-402D-B164-A36EE71820EC}.Release|Any CPU.ActiveCfg = Release|Any CPU
		{C684E1CC-F004-402D-B164-A36EE71820EC}.Release|Any CPU.Build.0 = Release|Any CPU
		{C778001F-7D81-4FB0-9FFF-418D44147764}.Debug|Any CPU.ActiveCfg = Debug|Any CPU
		{C778001F-7D81-4FB0-9FFF-418D44147764}.Debug|Any CPU.Build.0 = Debug|Any CPU
		{C778001F-7D81-4FB0-9FFF-418D44147764}.Release|Any CPU.ActiveCfg = Release|Any CPU
		{C778001F-7D81-4FB0-9FFF-418D44147764}.Release|Any CPU.Build.0 = Release|Any CPU
		{28A818DD-BDDB-43BD-83A8-40EFAFF54A5F}.Debug|Any CPU.ActiveCfg = Debug|Any CPU
		{28A818DD-BDDB-43BD-83A8-40EFAFF54A5F}.Debug|Any CPU.Build.0 = Debug|Any CPU
		{28A818DD-BDDB-43BD-83A8-40EFAFF54A5F}.Release|Any CPU.ActiveCfg = Release|Any CPU
		{28A818DD-BDDB-43BD-83A8-40EFAFF54A5F}.Release|Any CPU.Build.0 = Release|Any CPU
	EndGlobalSection
	GlobalSection(SolutionProperties) = preSolution
		HideSolutionNode = FALSE
	EndGlobalSection
	GlobalSection(ExtensibilityGlobals) = postSolution
		SolutionGuid = {10B87742-AA2B-49E6-A2C9-DB6761A10099}
	EndGlobalSection
EndGlobal
